// !$*UTF8*$!
{
	archiveVersion = 1;
	classes = {
	};
	objectVersion = 46;
	objects = {

/* Begin PBXBuildFile section */
		DD1171481D25A39700093C62 /* SealExplosion.sks in Resources */ = {isa = PBXBuildFile; fileRef = DD1171461D25A39700093C62 /* SealExplosion.sks */; };
		DD1171491D25A39700093C62 /* spark.png in Resources */ = {isa = PBXBuildFile; fileRef = DD1171471D25A39700093C62 /* spark.png */; };
		DD11714C1D25A52D00093C62 /* sfx_seal.caf in Resources */ = {isa = PBXBuildFile; fileRef = DD11714B1D25A52D00093C62 /* sfx_seal.caf */; };
		DD4B7E8D1D2439400080CE27 /* MSReferenceNode.swift in Sources */ = {isa = PBXBuildFile; fileRef = DD4B7E8C1D2439400080CE27 /* MSReferenceNode.swift */; };
		DD4B7E8F1D2439D20080CE27 /* Seal.sks in Resources */ = {isa = PBXBuildFile; fileRef = DD4B7E8E1D2439D20080CE27 /* Seal.sks */; };
		DD4B7E921D243BDE0080CE27 /* MainScene.sks in Resources */ = {isa = PBXBuildFile; fileRef = DD4B7E911D243BDE0080CE27 /* MainScene.sks */; };
		DD4B7E941D243C960080CE27 /* MSButtonNode.swift in Sources */ = {isa = PBXBuildFile; fileRef = DD4B7E931D243C960080CE27 /* MSButtonNode.swift */; };
		DD4DBE8C1D242DA3006099E2 /* AppDelegate.swift in Sources */ = {isa = PBXBuildFile; fileRef = DD4DBE8B1D242DA3006099E2 /* AppDelegate.swift */; };
		DD4DBE8E1D242DA3006099E2 /* GameScene.sks in Resources */ = {isa = PBXBuildFile; fileRef = DD4DBE8D1D242DA3006099E2 /* GameScene.sks */; };
		DD4DBE901D242DA3006099E2 /* GameScene.swift in Sources */ = {isa = PBXBuildFile; fileRef = DD4DBE8F1D242DA3006099E2 /* GameScene.swift */; };
		DD4DBE921D242DA3006099E2 /* GameViewController.swift in Sources */ = {isa = PBXBuildFile; fileRef = DD4DBE911D242DA3006099E2 /* GameViewController.swift */; };
		DD4DBE951D242DA3006099E2 /* Main.storyboard in Resources */ = {isa = PBXBuildFile; fileRef = DD4DBE931D242DA3006099E2 /* Main.storyboard */; };
		DD4DBE971D242DA3006099E2 /* Assets.xcassets in Resources */ = {isa = PBXBuildFile; fileRef = DD4DBE961D242DA3006099E2 /* Assets.xcassets */; };
		DD4DBE9A1D242DA3006099E2 /* LaunchScreen.storyboard in Resources */ = {isa = PBXBuildFile; fileRef = DD4DBE981D242DA3006099E2 /* LaunchScreen.storyboard */; };
		DD4DBEA51D242DA3006099E2 /* PeevedPenguinsTests.swift in Sources */ = {isa = PBXBuildFile; fileRef = DD4DBEA41D242DA3006099E2 /* PeevedPenguinsTests.swift */; };
		DD4DBEB01D242DA3006099E2 /* PeevedPenguinsUITests.swift in Sources */ = {isa = PBXBuildFile; fileRef = DD4DBEAF1D242DA3006099E2 /* PeevedPenguinsUITests.swift */; };
		DD4DBEBE1D242E8A006099E2 /* assets.atlas in Resources */ = {isa = PBXBuildFile; fileRef = DD4DBEBD1D242E8A006099E2 /* assets.atlas */; };
		DD4DBEC41D243021006099E2 /* Bear.sks in Resources */ = {isa = PBXBuildFile; fileRef = DD4DBEC31D243021006099E2 /* Bear.sks */; };
		DD4DBEC61D243405006099E2 /* CharacterActions.sks in Resources */ = {isa = PBXBuildFile; fileRef = DD4DBEC51D243405006099E2 /* CharacterActions.sks */; };
		DD4DBEC81D243674006099E2 /* Penguin.sks in Resources */ = {isa = PBXBuildFile; fileRef = DD4DBEC71D243674006099E2 /* Penguin.sks */; };
		DD6F53D81D2461CB004AA69E /* Level1.sks in Resources */ = {isa = PBXBuildFile; fileRef = DD6F53D71D2461CB004AA69E /* Level1.sks */; };
		DDD354791D2440600083A390 /* MainScene.swift in Sources */ = {isa = PBXBuildFile; fileRef = DDD354781D2440600083A390 /* MainScene.swift */; };
		DDD354871D24442B0083A390 /* CGFloat+Extensions.swift in Sources */ = {isa = PBXBuildFile; fileRef = DDD3547B1D24442B0083A390 /* CGFloat+Extensions.swift */; };
		DDD354881D24442B0083A390 /* CGPoint+Extensions.swift in Sources */ = {isa = PBXBuildFile; fileRef = DDD3547C1D24442B0083A390 /* CGPoint+Extensions.swift */; };
		DDD354891D24442B0083A390 /* CGVector+Extensions.swift in Sources */ = {isa = PBXBuildFile; fileRef = DDD3547D1D24442B0083A390 /* CGVector+Extensions.swift */; };
		DDD3548A1D24442B0083A390 /* Int+Extensions.swift in Sources */ = {isa = PBXBuildFile; fileRef = DDD3547E1D24442B0083A390 /* Int+Extensions.swift */; };
		DDD3548B1D24442B0083A390 /* SKAction+Extensions.swift in Sources */ = {isa = PBXBuildFile; fileRef = DDD3547F1D24442B0083A390 /* SKAction+Extensions.swift */; };
		DDD3548C1D24442B0083A390 /* SKAction+SpecialEffects.swift in Sources */ = {isa = PBXBuildFile; fileRef = DDD354801D24442B0083A390 /* SKAction+SpecialEffects.swift */; };
		DDD3548D1D24442B0083A390 /* SKColor+Extensions.swift in Sources */ = {isa = PBXBuildFile; fileRef = DDD354811D24442B0083A390 /* SKColor+Extensions.swift */; };
		DDD3548E1D24442B0083A390 /* SKNode+Extensions.swift in Sources */ = {isa = PBXBuildFile; fileRef = DDD354821D24442B0083A390 /* SKNode+Extensions.swift */; };
		DDD3548F1D24442B0083A390 /* SKTAudio.swift in Sources */ = {isa = PBXBuildFile; fileRef = DDD354831D24442B0083A390 /* SKTAudio.swift */; };
		DDD354901D24442B0083A390 /* SKTEffects.swift in Sources */ = {isa = PBXBuildFile; fileRef = DDD354841D24442B0083A390 /* SKTEffects.swift */; };
		DDD354911D24442B0083A390 /* SKTTimingFunctions.swift in Sources */ = {isa = PBXBuildFile; fileRef = DDD354851D24442B0083A390 /* SKTTimingFunctions.swift */; };
		DDD354921D24442B0083A390 /* Vector3.swift in Sources */ = {isa = PBXBuildFile; fileRef = DDD354861D24442B0083A390 /* Vector3.swift */; };
/* End PBXBuildFile section */

/* Begin PBXContainerItemProxy section */
		DD4DBEA11D242DA3006099E2 /* PBXContainerItemProxy */ = {
			isa = PBXContainerItemProxy;
			containerPortal = DD4DBE801D242DA2006099E2 /* Project object */;
			proxyType = 1;
			remoteGlobalIDString = DD4DBE871D242DA2006099E2;
			remoteInfo = PeevedPenguins;
		};
		DD4DBEAC1D242DA3006099E2 /* PBXContainerItemProxy */ = {
			isa = PBXContainerItemProxy;
			containerPortal = DD4DBE801D242DA2006099E2 /* Project object */;
			proxyType = 1;
			remoteGlobalIDString = DD4DBE871D242DA2006099E2;
			remoteInfo = PeevedPenguins;
		};
/* End PBXContainerItemProxy section */

/* Begin PBXFileReference section */
		DD1171461D25A39700093C62 /* SealExplosion.sks */ = {isa = PBXFileReference; lastKnownFileType = file.sks; path = SealExplosion.sks; sourceTree = "<group>"; };
		DD1171471D25A39700093C62 /* spark.png */ = {isa = PBXFileReference; lastKnownFileType = image.png; path = spark.png; sourceTree = "<group>"; };
		DD11714B1D25A52D00093C62 /* sfx_seal.caf */ = {isa = PBXFileReference; lastKnownFileType = file; path = sfx_seal.caf; sourceTree = "<group>"; };
		DD4B7E8C1D2439400080CE27 /* MSReferenceNode.swift */ = {isa = PBXFileReference; fileEncoding = 4; lastKnownFileType = sourcecode.swift; path = MSReferenceNode.swift; sourceTree = "<group>"; };
		DD4B7E8E1D2439D20080CE27 /* Seal.sks */ = {isa = PBXFileReference; lastKnownFileType = file.sks; path = Seal.sks; sourceTree = "<group>"; };
		DD4B7E911D243BDE0080CE27 /* MainScene.sks */ = {isa = PBXFileReference; lastKnownFileType = file.sks; path = MainScene.sks; sourceTree = "<group>"; };
		DD4B7E931D243C960080CE27 /* MSButtonNode.swift */ = {isa = PBXFileReference; fileEncoding = 4; lastKnownFileType = sourcecode.swift; path = MSButtonNode.swift; sourceTree = "<group>"; };
		DD4DBE881D242DA2006099E2 /* PeevedPenguins.app */ = {isa = PBXFileReference; explicitFileType = wrapper.application; includeInIndex = 0; path = PeevedPenguins.app; sourceTree = BUILT_PRODUCTS_DIR; };
		DD4DBE8B1D242DA3006099E2 /* AppDelegate.swift */ = {isa = PBXFileReference; lastKnownFileType = sourcecode.swift; path = AppDelegate.swift; sourceTree = "<group>"; };
		DD4DBE8D1D242DA3006099E2 /* GameScene.sks */ = {isa = PBXFileReference; lastKnownFileType = file.sks; path = GameScene.sks; sourceTree = "<group>"; };
		DD4DBE8F1D242DA3006099E2 /* GameScene.swift */ = {isa = PBXFileReference; lastKnownFileType = sourcecode.swift; path = GameScene.swift; sourceTree = "<group>"; };
		DD4DBE911D242DA3006099E2 /* GameViewController.swift */ = {isa = PBXFileReference; lastKnownFileType = sourcecode.swift; path = GameViewController.swift; sourceTree = "<group>"; };
		DD4DBE941D242DA3006099E2 /* Base */ = {isa = PBXFileReference; lastKnownFileType = file.storyboard; name = Base; path = Base.lproj/Main.storyboard; sourceTree = "<group>"; };
		DD4DBE961D242DA3006099E2 /* Assets.xcassets */ = {isa = PBXFileReference; lastKnownFileType = folder.assetcatalog; path = Assets.xcassets; sourceTree = "<group>"; };
		DD4DBE991D242DA3006099E2 /* Base */ = {isa = PBXFileReference; lastKnownFileType = file.storyboard; name = Base; path = Base.lproj/LaunchScreen.storyboard; sourceTree = "<group>"; };
		DD4DBE9B1D242DA3006099E2 /* Info.plist */ = {isa = PBXFileReference; lastKnownFileType = text.plist.xml; path = Info.plist; sourceTree = "<group>"; };
		DD4DBEA01D242DA3006099E2 /* PeevedPenguinsTests.xctest */ = {isa = PBXFileReference; explicitFileType = wrapper.cfbundle; includeInIndex = 0; path = PeevedPenguinsTests.xctest; sourceTree = BUILT_PRODUCTS_DIR; };
		DD4DBEA41D242DA3006099E2 /* PeevedPenguinsTests.swift */ = {isa = PBXFileReference; lastKnownFileType = sourcecode.swift; path = PeevedPenguinsTests.swift; sourceTree = "<group>"; };
		DD4DBEA61D242DA3006099E2 /* Info.plist */ = {isa = PBXFileReference; lastKnownFileType = text.plist.xml; path = Info.plist; sourceTree = "<group>"; };
		DD4DBEAB1D242DA3006099E2 /* PeevedPenguinsUITests.xctest */ = {isa = PBXFileReference; explicitFileType = wrapper.cfbundle; includeInIndex = 0; path = PeevedPenguinsUITests.xctest; sourceTree = BUILT_PRODUCTS_DIR; };
		DD4DBEAF1D242DA3006099E2 /* PeevedPenguinsUITests.swift */ = {isa = PBXFileReference; lastKnownFileType = sourcecode.swift; path = PeevedPenguinsUITests.swift; sourceTree = "<group>"; };
		DD4DBEB11D242DA3006099E2 /* Info.plist */ = {isa = PBXFileReference; lastKnownFileType = text.plist.xml; path = Info.plist; sourceTree = "<group>"; };
		DD4DBEBD1D242E8A006099E2 /* assets.atlas */ = {isa = PBXFileReference; lastKnownFileType = folder.skatlas; path = assets.atlas; sourceTree = "<group>"; };
		DD4DBEC31D243021006099E2 /* Bear.sks */ = {isa = PBXFileReference; lastKnownFileType = file.sks; path = Bear.sks; sourceTree = "<group>"; };
		DD4DBEC51D243405006099E2 /* CharacterActions.sks */ = {isa = PBXFileReference; lastKnownFileType = file.sks; name = CharacterActions.sks; path = ../CharacterActions.sks; sourceTree = "<group>"; };
		DD4DBEC71D243674006099E2 /* Penguin.sks */ = {isa = PBXFileReference; lastKnownFileType = file.sks; path = Penguin.sks; sourceTree = "<group>"; };
		DD6F53D71D2461CB004AA69E /* Level1.sks */ = {isa = PBXFileReference; lastKnownFileType = file.sks; path = Level1.sks; sourceTree = "<group>"; };
		DDD354781D2440600083A390 /* MainScene.swift */ = {isa = PBXFileReference; fileEncoding = 4; lastKnownFileType = sourcecode.swift; path = MainScene.swift; sourceTree = "<group>"; };
		DDD3547B1D24442B0083A390 /* CGFloat+Extensions.swift */ = {isa = PBXFileReference; fileEncoding = 4; lastKnownFileType = sourcecode.swift; path = "CGFloat+Extensions.swift"; sourceTree = "<group>"; };
		DDD3547C1D24442B0083A390 /* CGPoint+Extensions.swift */ = {isa = PBXFileReference; fileEncoding = 4; lastKnownFileType = sourcecode.swift; path = "CGPoint+Extensions.swift"; sourceTree = "<group>"; };
		DDD3547D1D24442B0083A390 /* CGVector+Extensions.swift */ = {isa = PBXFileReference; fileEncoding = 4; lastKnownFileType = sourcecode.swift; path = "CGVector+Extensions.swift"; sourceTree = "<group>"; };
		DDD3547E1D24442B0083A390 /* Int+Extensions.swift */ = {isa = PBXFileReference; fileEncoding = 4; lastKnownFileType = sourcecode.swift; path = "Int+Extensions.swift"; sourceTree = "<group>"; };
		DDD3547F1D24442B0083A390 /* SKAction+Extensions.swift */ = {isa = PBXFileReference; fileEncoding = 4; lastKnownFileType = sourcecode.swift; path = "SKAction+Extensions.swift"; sourceTree = "<group>"; };
		DDD354801D24442B0083A390 /* SKAction+SpecialEffects.swift */ = {isa = PBXFileReference; fileEncoding = 4; lastKnownFileType = sourcecode.swift; path = "SKAction+SpecialEffects.swift"; sourceTree = "<group>"; };
		DDD354811D24442B0083A390 /* SKColor+Extensions.swift */ = {isa = PBXFileReference; fileEncoding = 4; lastKnownFileType = sourcecode.swift; path = "SKColor+Extensions.swift"; sourceTree = "<group>"; };
		DDD354821D24442B0083A390 /* SKNode+Extensions.swift */ = {isa = PBXFileReference; fileEncoding = 4; lastKnownFileType = sourcecode.swift; path = "SKNode+Extensions.swift"; sourceTree = "<group>"; };
		DDD354831D24442B0083A390 /* SKTAudio.swift */ = {isa = PBXFileReference; fileEncoding = 4; lastKnownFileType = sourcecode.swift; path = SKTAudio.swift; sourceTree = "<group>"; };
		DDD354841D24442B0083A390 /* SKTEffects.swift */ = {isa = PBXFileReference; fileEncoding = 4; lastKnownFileType = sourcecode.swift; path = SKTEffects.swift; sourceTree = "<group>"; };
		DDD354851D24442B0083A390 /* SKTTimingFunctions.swift */ = {isa = PBXFileReference; fileEncoding = 4; lastKnownFileType = sourcecode.swift; path = SKTTimingFunctions.swift; sourceTree = "<group>"; };
		DDD354861D24442B0083A390 /* Vector3.swift */ = {isa = PBXFileReference; fileEncoding = 4; lastKnownFileType = sourcecode.swift; path = Vector3.swift; sourceTree = "<group>"; };
/* End PBXFileReference section */

/* Begin PBXFrameworksBuildPhase section */
		DD4DBE851D242DA2006099E2 /* Frameworks */ = {
			isa = PBXFrameworksBuildPhase;
			buildActionMask = 2147483647;
			files = (
			);
			runOnlyForDeploymentPostprocessing = 0;
		};
		DD4DBE9D1D242DA3006099E2 /* Frameworks */ = {
			isa = PBXFrameworksBuildPhase;
			buildActionMask = 2147483647;
			files = (
			);
			runOnlyForDeploymentPostprocessing = 0;
		};
		DD4DBEA81D242DA3006099E2 /* Frameworks */ = {
			isa = PBXFrameworksBuildPhase;
			buildActionMask = 2147483647;
			files = (
			);
			runOnlyForDeploymentPostprocessing = 0;
		};
/* End PBXFrameworksBuildPhase section */

/* Begin PBXGroup section */
		DD11714A1D25A52D00093C62 /* SFX 2 */ = {
			isa = PBXGroup;
			children = (
				DD11714B1D25A52D00093C62 /* sfx_seal.caf */,
			);
			name = "SFX 2";
			path = "SKTUtils/SFX 2";
			sourceTree = "<group>";
		};
		DD4B7E901D243AC20080CE27 /* characters */ = {
			isa = PBXGroup;
			children = (
				DD4DBEC31D243021006099E2 /* Bear.sks */,
				DD4B7E8E1D2439D20080CE27 /* Seal.sks */,
				DD4DBEC71D243674006099E2 /* Penguin.sks */,
			);
			name = characters;
			sourceTree = "<group>";
		};
		DD4DBE7F1D242DA2006099E2 = {
			isa = PBXGroup;
			children = (
				DD4DBE8A1D242DA3006099E2 /* PeevedPenguins */,
				DD4DBEA31D242DA3006099E2 /* PeevedPenguinsTests */,
				DD4DBEAE1D242DA3006099E2 /* PeevedPenguinsUITests */,
				DD4DBE891D242DA2006099E2 /* Products */,
			);
			sourceTree = "<group>";
		};
		DD4DBE891D242DA2006099E2 /* Products */ = {
			isa = PBXGroup;
			children = (
				DD4DBE881D242DA2006099E2 /* PeevedPenguins.app */,
				DD4DBEA01D242DA3006099E2 /* PeevedPenguinsTests.xctest */,
				DD4DBEAB1D242DA3006099E2 /* PeevedPenguinsUITests.xctest */,
			);
			name = Products;
			sourceTree = "<group>";
		};
		DD4DBE8A1D242DA3006099E2 /* PeevedPenguins */ = {
			isa = PBXGroup;
			children = (
				DD11714A1D25A52D00093C62 /* SFX 2 */,
				DDD3547A1D24442B0083A390 /* SKTUtils */,
				DD4B7E901D243AC20080CE27 /* characters */,
				DD6F53D61D24616B004AA69E /* Levels */,
				DD4DBE8B1D242DA3006099E2 /* AppDelegate.swift */,
				DD4B7E8C1D2439400080CE27 /* MSReferenceNode.swift */,
				DD4B7E931D243C960080CE27 /* MSButtonNode.swift */,
				DD4DBE8D1D242DA3006099E2 /* GameScene.sks */,
				DD4DBE8F1D242DA3006099E2 /* GameScene.swift */,
				DD1171461D25A39700093C62 /* SealExplosion.sks */,
				DD1171471D25A39700093C62 /* spark.png */,
				DD4B7E911D243BDE0080CE27 /* MainScene.sks */,
				DDD354781D2440600083A390 /* MainScene.swift */,
				DD4DBEC51D243405006099E2 /* CharacterActions.sks */,
				DD4DBEBD1D242E8A006099E2 /* assets.atlas */,
				DD4DBE911D242DA3006099E2 /* GameViewController.swift */,
				DD4DBE931D242DA3006099E2 /* Main.storyboard */,
				DD4DBE961D242DA3006099E2 /* Assets.xcassets */,
				DD4DBE981D242DA3006099E2 /* LaunchScreen.storyboard */,
				DD4DBE9B1D242DA3006099E2 /* Info.plist */,
			);
			path = PeevedPenguins;
			sourceTree = "<group>";
		};
		DD4DBEA31D242DA3006099E2 /* PeevedPenguinsTests */ = {
			isa = PBXGroup;
			children = (
				DD4DBEA41D242DA3006099E2 /* PeevedPenguinsTests.swift */,
				DD4DBEA61D242DA3006099E2 /* Info.plist */,
			);
			path = PeevedPenguinsTests;
			sourceTree = "<group>";
		};
		DD4DBEAE1D242DA3006099E2 /* PeevedPenguinsUITests */ = {
			isa = PBXGroup;
			children = (
				DD4DBEAF1D242DA3006099E2 /* PeevedPenguinsUITests.swift */,
				DD4DBEB11D242DA3006099E2 /* Info.plist */,
			);
			path = PeevedPenguinsUITests;
			sourceTree = "<group>";
		};
		DD6F53D61D24616B004AA69E /* Levels */ = {
			isa = PBXGroup;
			children = (
				DD6F53D71D2461CB004AA69E /* Level1.sks */,
			);
			name = Levels;
			sourceTree = "<group>";
		};
		DDD3547A1D24442B0083A390 /* SKTUtils */ = {
			isa = PBXGroup;
			children = (
				DDD3547B1D24442B0083A390 /* CGFloat+Extensions.swift */,
				DDD3547C1D24442B0083A390 /* CGPoint+Extensions.swift */,
				DDD3547D1D24442B0083A390 /* CGVector+Extensions.swift */,
				DDD3547E1D24442B0083A390 /* Int+Extensions.swift */,
				DDD3547F1D24442B0083A390 /* SKAction+Extensions.swift */,
				DDD354801D24442B0083A390 /* SKAction+SpecialEffects.swift */,
				DDD354811D24442B0083A390 /* SKColor+Extensions.swift */,
				DDD354821D24442B0083A390 /* SKNode+Extensions.swift */,
				DDD354831D24442B0083A390 /* SKTAudio.swift */,
				DDD354841D24442B0083A390 /* SKTEffects.swift */,
				DDD354851D24442B0083A390 /* SKTTimingFunctions.swift */,
				DDD354861D24442B0083A390 /* Vector3.swift */,
			);
			path = SKTUtils;
			sourceTree = "<group>";
		};
/* End PBXGroup section */

/* Begin PBXNativeTarget section */
		DD4DBE871D242DA2006099E2 /* PeevedPenguins */ = {
			isa = PBXNativeTarget;
			buildConfigurationList = DD4DBEB41D242DA3006099E2 /* Build configuration list for PBXNativeTarget "PeevedPenguins" */;
			buildPhases = (
				DD4DBE841D242DA2006099E2 /* Sources */,
				DD4DBE851D242DA2006099E2 /* Frameworks */,
				DD4DBE861D242DA2006099E2 /* Resources */,
			);
			buildRules = (
			);
			dependencies = (
			);
			name = PeevedPenguins;
			productName = PeevedPenguins;
			productReference = DD4DBE881D242DA2006099E2 /* PeevedPenguins.app */;
			productType = "com.apple.product-type.application";
		};
		DD4DBE9F1D242DA3006099E2 /* PeevedPenguinsTests */ = {
			isa = PBXNativeTarget;
			buildConfigurationList = DD4DBEB71D242DA3006099E2 /* Build configuration list for PBXNativeTarget "PeevedPenguinsTests" */;
			buildPhases = (
				DD4DBE9C1D242DA3006099E2 /* Sources */,
				DD4DBE9D1D242DA3006099E2 /* Frameworks */,
				DD4DBE9E1D242DA3006099E2 /* Resources */,
			);
			buildRules = (
			);
			dependencies = (
				DD4DBEA21D242DA3006099E2 /* PBXTargetDependency */,
			);
			name = PeevedPenguinsTests;
			productName = PeevedPenguinsTests;
			productReference = DD4DBEA01D242DA3006099E2 /* PeevedPenguinsTests.xctest */;
			productType = "com.apple.product-type.bundle.unit-test";
		};
		DD4DBEAA1D242DA3006099E2 /* PeevedPenguinsUITests */ = {
			isa = PBXNativeTarget;
			buildConfigurationList = DD4DBEBA1D242DA3006099E2 /* Build configuration list for PBXNativeTarget "PeevedPenguinsUITests" */;
			buildPhases = (
				DD4DBEA71D242DA3006099E2 /* Sources */,
				DD4DBEA81D242DA3006099E2 /* Frameworks */,
				DD4DBEA91D242DA3006099E2 /* Resources */,
			);
			buildRules = (
			);
			dependencies = (
				DD4DBEAD1D242DA3006099E2 /* PBXTargetDependency */,
			);
			name = PeevedPenguinsUITests;
			productName = PeevedPenguinsUITests;
			productReference = DD4DBEAB1D242DA3006099E2 /* PeevedPenguinsUITests.xctest */;
			productType = "com.apple.product-type.bundle.ui-testing";
		};
/* End PBXNativeTarget section */

/* Begin PBXProject section */
		DD4DBE801D242DA2006099E2 /* Project object */ = {
			isa = PBXProject;
			attributes = {
				LastSwiftUpdateCheck = 0730;
				LastUpgradeCheck = 0730;
				ORGANIZATIONNAME = "Jorge Avelar";
				TargetAttributes = {
					DD4DBE871D242DA2006099E2 = {
						CreatedOnToolsVersion = 7.3.1;
						DevelopmentTeam = URG6LQYSNG;
					};
					DD4DBE9F1D242DA3006099E2 = {
						CreatedOnToolsVersion = 7.3.1;
						TestTargetID = DD4DBE871D242DA2006099E2;
					};
					DD4DBEAA1D242DA3006099E2 = {
						CreatedOnToolsVersion = 7.3.1;
						TestTargetID = DD4DBE871D242DA2006099E2;
					};
				};
			};
			buildConfigurationList = DD4DBE831D242DA2006099E2 /* Build configuration list for PBXProject "PeevedPenguins" */;
			compatibilityVersion = "Xcode 3.2";
			developmentRegion = English;
			hasScannedForEncodings = 0;
			knownRegions = (
				en,
				Base,
			);
			mainGroup = DD4DBE7F1D242DA2006099E2;
			productRefGroup = DD4DBE891D242DA2006099E2 /* Products */;
			projectDirPath = "";
			projectRoot = "";
			targets = (
				DD4DBE871D242DA2006099E2 /* PeevedPenguins */,
				DD4DBE9F1D242DA3006099E2 /* PeevedPenguinsTests */,
				DD4DBEAA1D242DA3006099E2 /* PeevedPenguinsUITests */,
			);
		};
/* End PBXProject section */

/* Begin PBXResourcesBuildPhase section */
		DD4DBE861D242DA2006099E2 /* Resources */ = {
			isa = PBXResourcesBuildPhase;
			buildActionMask = 2147483647;
			files = (
				DD4B7E8F1D2439D20080CE27 /* Seal.sks in Resources */,
				DD4DBEC81D243674006099E2 /* Penguin.sks in Resources */,
				DD1171481D25A39700093C62 /* SealExplosion.sks in Resources */,
				DD4DBE8E1D242DA3006099E2 /* GameScene.sks in Resources */,
				DD4DBE9A1D242DA3006099E2 /* LaunchScreen.storyboard in Resources */,
				DD1171491D25A39700093C62 /* spark.png in Resources */,
				DD4DBE971D242DA3006099E2 /* Assets.xcassets in Resources */,
				DD4DBEC41D243021006099E2 /* Bear.sks in Resources */,
				DD4DBEBE1D242E8A006099E2 /* assets.atlas in Resources */,
				DD11714C1D25A52D00093C62 /* sfx_seal.caf in Resources */,
				DD4B7E921D243BDE0080CE27 /* MainScene.sks in Resources */,
				DD4DBE951D242DA3006099E2 /* Main.storyboard in Resources */,
				DD6F53D81D2461CB004AA69E /* Level1.sks in Resources */,
				DD4DBEC61D243405006099E2 /* CharacterActions.sks in Resources */,
			);
			runOnlyForDeploymentPostprocessing = 0;
		};
		DD4DBE9E1D242DA3006099E2 /* Resources */ = {
			isa = PBXResourcesBuildPhase;
			buildActionMask = 2147483647;
			files = (
			);
			runOnlyForDeploymentPostprocessing = 0;
		};
		DD4DBEA91D242DA3006099E2 /* Resources */ = {
			isa = PBXResourcesBuildPhase;
			buildActionMask = 2147483647;
			files = (
			);
			runOnlyForDeploymentPostprocessing = 0;
		};
/* End PBXResourcesBuildPhase section */

/* Begin PBXSourcesBuildPhase section */
		DD4DBE841D242DA2006099E2 /* Sources */ = {
			isa = PBXSourcesBuildPhase;
			buildActionMask = 2147483647;
			files = (
				DD4DBE901D242DA3006099E2 /* GameScene.swift in Sources */,
				DDD354911D24442B0083A390 /* SKTTimingFunctions.swift in Sources */,
				DD4B7E8D1D2439400080CE27 /* MSReferenceNode.swift in Sources */,
				DDD354891D24442B0083A390 /* CGVector+Extensions.swift in Sources */,
				DDD354881D24442B0083A390 /* CGPoint+Extensions.swift in Sources */,
				DDD354871D24442B0083A390 /* CGFloat+Extensions.swift in Sources */,
				DD4DBE921D242DA3006099E2 /* GameViewController.swift in Sources */,
				DDD3548F1D24442B0083A390 /* SKTAudio.swift in Sources */,
				DDD354791D2440600083A390 /* MainScene.swift in Sources */,
				DDD3548E1D24442B0083A390 /* SKNode+Extensions.swift in Sources */,
				DDD3548B1D24442B0083A390 /* SKAction+Extensions.swift in Sources */,
				DDD3548C1D24442B0083A390 /* SKAction+SpecialEffects.swift in Sources */,
				DD4DBE8C1D242DA3006099E2 /* AppDelegate.swift in Sources */,
				DD4B7E941D243C960080CE27 /* MSButtonNode.swift in Sources */,
				DDD354901D24442B0083A390 /* SKTEffects.swift in Sources */,
				DDD3548A1D24442B0083A390 /* Int+Extensions.swift in Sources */,
				DDD354921D24442B0083A390 /* Vector3.swift in Sources */,
				DDD3548D1D24442B0083A390 /* SKColor+Extensions.swift in Sources */,
			);
			runOnlyForDeploymentPostprocessing = 0;
		};
		DD4DBE9C1D242DA3006099E2 /* Sources */ = {
			isa = PBXSourcesBuildPhase;
			buildActionMask = 2147483647;
			files = (
				DD4DBEA51D242DA3006099E2 /* PeevedPenguinsTests.swift in Sources */,
			);
			runOnlyForDeploymentPostprocessing = 0;
		};
		DD4DBEA71D242DA3006099E2 /* Sources */ = {
			isa = PBXSourcesBuildPhase;
			buildActionMask = 2147483647;
			files = (
				DD4DBEB01D242DA3006099E2 /* PeevedPenguinsUITests.swift in Sources */,
			);
			runOnlyForDeploymentPostprocessing = 0;
		};
/* End PBXSourcesBuildPhase section */

/* Begin PBXTargetDependency section */
		DD4DBEA21D242DA3006099E2 /* PBXTargetDependency */ = {
			isa = PBXTargetDependency;
			target = DD4DBE871D242DA2006099E2 /* PeevedPenguins */;
			targetProxy = DD4DBEA11D242DA3006099E2 /* PBXContainerItemProxy */;
		};
		DD4DBEAD1D242DA3006099E2 /* PBXTargetDependency */ = {
			isa = PBXTargetDependency;
			target = DD4DBE871D242DA2006099E2 /* PeevedPenguins */;
			targetProxy = DD4DBEAC1D242DA3006099E2 /* PBXContainerItemProxy */;
		};
/* End PBXTargetDependency section */

/* Begin PBXVariantGroup section */
		DD4DBE931D242DA3006099E2 /* Main.storyboard */ = {
			isa = PBXVariantGroup;
			children = (
				DD4DBE941D242DA3006099E2 /* Base */,
			);
			name = Main.storyboard;
			sourceTree = "<group>";
		};
		DD4DBE981D242DA3006099E2 /* LaunchScreen.storyboard */ = {
			isa = PBXVariantGroup;
			children = (
				DD4DBE991D242DA3006099E2 /* Base */,
			);
			name = LaunchScreen.storyboard;
			sourceTree = "<group>";
		};
/* End PBXVariantGroup section */

/* Begin XCBuildConfiguration section */
		DD4DBEB21D242DA3006099E2 /* Debug */ = {
			isa = XCBuildConfiguration;
			buildSettings = {
				ALWAYS_SEARCH_USER_PATHS = NO;
				CLANG_ANALYZER_NONNULL = YES;
				CLANG_CXX_LANGUAGE_STANDARD = "gnu++0x";
				CLANG_CXX_LIBRARY = "libc++";
				CLANG_ENABLE_MODULES = YES;
				CLANG_ENABLE_OBJC_ARC = YES;
				CLANG_WARN_BOOL_CONVERSION = YES;
				CLANG_WARN_CONSTANT_CONVERSION = YES;
				CLANG_WARN_DIRECT_OBJC_ISA_USAGE = YES_ERROR;
				CLANG_WARN_EMPTY_BODY = YES;
				CLANG_WARN_ENUM_CONVERSION = YES;
				CLANG_WARN_INT_CONVERSION = YES;
				CLANG_WARN_OBJC_ROOT_CLASS = YES_ERROR;
				CLANG_WARN_UNREACHABLE_CODE = YES;
				CLANG_WARN__DUPLICATE_METHOD_MATCH = YES;
				"CODE_SIGN_IDENTITY[sdk=iphoneos*]" = "iPhone Developer";
				COPY_PHASE_STRIP = NO;
				DEBUG_INFORMATION_FORMAT = "dwarf-with-dsym";
				ENABLE_STRICT_OBJC_MSGSEND = YES;
				ENABLE_TESTABILITY = YES;
				GCC_C_LANGUAGE_STANDARD = gnu99;
				GCC_DYNAMIC_NO_PIC = NO;
				GCC_NO_COMMON_BLOCKS = YES;
				GCC_OPTIMIZATION_LEVEL = 0;
				GCC_PREPROCESSOR_DEFINITIONS = (
					"DEBUG=1",
					"$(inherited)",
				);
				GCC_WARN_64_TO_32_BIT_CONVERSION = YES;
				GCC_WARN_ABOUT_RETURN_TYPE = YES_ERROR;
				GCC_WARN_UNDECLARED_SELECTOR = YES;
				GCC_WARN_UNINITIALIZED_AUTOS = YES_AGGRESSIVE;
				GCC_WARN_UNUSED_FUNCTION = YES;
				GCC_WARN_UNUSED_VARIABLE = YES;
				IPHONEOS_DEPLOYMENT_TARGET = 9.3;
				MTL_ENABLE_DEBUG_INFO = YES;
				ONLY_ACTIVE_ARCH = YES;
				SDKROOT = iphoneos;
				SWIFT_OPTIMIZATION_LEVEL = "-Onone";
				TARGETED_DEVICE_FAMILY = "1,2";
			};
			name = Debug;
		};
		DD4DBEB31D242DA3006099E2 /* Release */ = {
			isa = XCBuildConfiguration;
			buildSettings = {
				ALWAYS_SEARCH_USER_PATHS = NO;
				CLANG_ANALYZER_NONNULL = YES;
				CLANG_CXX_LANGUAGE_STANDARD = "gnu++0x";
				CLANG_CXX_LIBRARY = "libc++";
				CLANG_ENABLE_MODULES = YES;
				CLANG_ENABLE_OBJC_ARC = YES;
				CLANG_WARN_BOOL_CONVERSION = YES;
				CLANG_WARN_CONSTANT_CONVERSION = YES;
				CLANG_WARN_DIRECT_OBJC_ISA_USAGE = YES_ERROR;
				CLANG_WARN_EMPTY_BODY = YES;
				CLANG_WARN_ENUM_CONVERSION = YES;
				CLANG_WARN_INT_CONVERSION = YES;
				CLANG_WARN_OBJC_ROOT_CLASS = YES_ERROR;
				CLANG_WARN_UNREACHABLE_CODE = YES;
				CLANG_WARN__DUPLICATE_METHOD_MATCH = YES;
				"CODE_SIGN_IDENTITY[sdk=iphoneos*]" = "iPhone Developer";
				COPY_PHASE_STRIP = NO;
				DEBUG_INFORMATION_FORMAT = "dwarf-with-dsym";
				ENABLE_NS_ASSERTIONS = NO;
				ENABLE_STRICT_OBJC_MSGSEND = YES;
				GCC_C_LANGUAGE_STANDARD = gnu99;
				GCC_NO_COMMON_BLOCKS = YES;
				GCC_WARN_64_TO_32_BIT_CONVERSION = YES;
				GCC_WARN_ABOUT_RETURN_TYPE = YES_ERROR;
				GCC_WARN_UNDECLARED_SELECTOR = YES;
				GCC_WARN_UNINITIALIZED_AUTOS = YES_AGGRESSIVE;
				GCC_WARN_UNUSED_FUNCTION = YES;
				GCC_WARN_UNUSED_VARIABLE = YES;
				IPHONEOS_DEPLOYMENT_TARGET = 9.3;
				MTL_ENABLE_DEBUG_INFO = NO;
				SDKROOT = iphoneos;
				TARGETED_DEVICE_FAMILY = "1,2";
				VALIDATE_PRODUCT = YES;
			};
			name = Release;
		};
		DD4DBEB51D242DA3006099E2 /* Debug */ = {
			isa = XCBuildConfiguration;
			buildSettings = {
				ASSETCATALOG_COMPILER_APPICON_NAME = AppIcon;
				CODE_SIGN_IDENTITY = "iPhone Developer";
				"CODE_SIGN_IDENTITY[sdk=iphoneos*]" = "iPhone Developer";
				INFOPLIST_FILE = PeevedPenguins/Info.plist;
				IPHONEOS_DEPLOYMENT_TARGET = 9.3;
				LD_RUNPATH_SEARCH_PATHS = "$(inherited) @executable_path/Frameworks";
				PRODUCT_BUNDLE_IDENTIFIER = PeevedPenguins;
				PRODUCT_NAME = "$(TARGET_NAME)";
				PROVISIONING_PROFILE = "";
			};
			name = Debug;
		};
		DD4DBEB61D242DA3006099E2 /* Release */ = {
			isa = XCBuildConfiguration;
			buildSettings = {
				ASSETCATALOG_COMPILER_APPICON_NAME = AppIcon;
				CODE_SIGN_IDENTITY = "iPhone Developer";
				"CODE_SIGN_IDENTITY[sdk=iphoneos*]" = "iPhone Developer";
				INFOPLIST_FILE = PeevedPenguins/Info.plist;
				IPHONEOS_DEPLOYMENT_TARGET = 9.3;
				LD_RUNPATH_SEARCH_PATHS = "$(inherited) @executable_path/Frameworks";
				PRODUCT_BUNDLE_IDENTIFIER = PeevedPenguins;
				PRODUCT_NAME = "$(TARGET_NAME)";
				PROVISIONING_PROFILE = "";
			};
			name = Release;
		};
		DD4DBEB81D242DA3006099E2 /* Debug */ = {
			isa = XCBuildConfiguration;
			buildSettings = {
				BUNDLE_LOADER = "$(TEST_HOST)";
				DEBUG_INFORMATION_FORMAT = dwarf;
				INFOPLIST_FILE = PeevedPenguinsTests/Info.plist;
				LD_RUNPATH_SEARCH_PATHS = "$(inherited) @executable_path/Frameworks @loader_path/Frameworks";
				PRODUCT_BUNDLE_IDENTIFIER = com.makeschool.PeevedPenguinsTests;
				PRODUCT_NAME = "$(TARGET_NAME)";
				TEST_HOST = "$(BUILT_PRODUCTS_DIR)/PeevedPenguins.app/PeevedPenguins";
			};
			name = Debug;
		};
		DD4DBEB91D242DA3006099E2 /* Release */ = {
			isa = XCBuildConfiguration;
			buildSettings = {
				BUNDLE_LOADER = "$(TEST_HOST)";
				INFOPLIST_FILE = PeevedPenguinsTests/Info.plist;
				LD_RUNPATH_SEARCH_PATHS = "$(inherited) @executable_path/Frameworks @loader_path/Frameworks";
				PRODUCT_BUNDLE_IDENTIFIER = com.makeschool.PeevedPenguinsTests;
				PRODUCT_NAME = "$(TARGET_NAME)";
				TEST_HOST = "$(BUILT_PRODUCTS_DIR)/PeevedPenguins.app/PeevedPenguins";
			};
			name = Release;
		};
		DD4DBEBB1D242DA3006099E2 /* Debug */ = {
			isa = XCBuildConfiguration;
			buildSettings = {
				DEBUG_INFORMATION_FORMAT = dwarf;
				INFOPLIST_FILE = PeevedPenguinsUITests/Info.plist;
				LD_RUNPATH_SEARCH_PATHS = "$(inherited) @executable_path/Frameworks @loader_path/Frameworks";
				PRODUCT_BUNDLE_IDENTIFIER = com.makeschool.PeevedPenguinsUITests;
				PRODUCT_NAME = "$(TARGET_NAME)";
				TEST_TARGET_NAME = PeevedPenguins;
			};
			name = Debug;
		};
		DD4DBEBC1D242DA3006099E2 /* Release */ = {
			isa = XCBuildConfiguration;
			buildSettings = {
				INFOPLIST_FILE = PeevedPenguinsUITests/Info.plist;
				LD_RUNPATH_SEARCH_PATHS = "$(inherited) @executable_path/Frameworks @loader_path/Frameworks";
				PRODUCT_BUNDLE_IDENTIFIER = com.makeschool.PeevedPenguinsUITests;
				PRODUCT_NAME = "$(TARGET_NAME)";
				TEST_TARGET_NAME = PeevedPenguins;
			};
			name = Release;
		};
/* End XCBuildConfiguration section */

/* Begin XCConfigurationList section */
		DD4DBE831D242DA2006099E2 /* Build configuration list for PBXProject "PeevedPenguins" */ = {
			isa = XCConfigurationList;
			buildConfigurations = (
				DD4DBEB21D242DA3006099E2 /* Debug */,
				DD4DBEB31D242DA3006099E2 /* Release */,
			);
			defaultConfigurationIsVisible = 0;
			defaultConfigurationName = Release;
		};
		DD4DBEB41D242DA3006099E2 /* Build configuration list for PBXNativeTarget "PeevedPenguins" */ = {
			isa = XCConfigurationList;
			buildConfigurations = (
				DD4DBEB51D242DA3006099E2 /* Debug */,
				DD4DBEB61D242DA3006099E2 /* Release */,
			);
			defaultConfigurationIsVisible = 0;
			defaultConfigurationName = Release;
		};
		DD4DBEB71D242DA3006099E2 /* Build configuration list for PBXNativeTarget "PeevedPenguinsTests" */ = {
			isa = XCConfigurationList;
			buildConfigurations = (
				DD4DBEB81D242DA3006099E2 /* Debug */,
				DD4DBEB91D242DA3006099E2 /* Release */,
			);
			defaultConfigurationIsVisible = 0;
			defaultConfigurationName = Release;
		};
		DD4DBEBA1D242DA3006099E2 /* Build configuration list for PBXNativeTarget "PeevedPenguinsUITests" */ = {
			isa = XCConfigurationList;
			buildConfigurations = (
				DD4DBEBB1D242DA3006099E2 /* Debug */,
				DD4DBEBC1D242DA3006099E2 /* Release */,
			);
			defaultConfigurationIsVisible = 0;
			defaultConfigurationName = Release;
		};
/* End XCConfigurationList section */
	};
	rootObject = DD4DBE801D242DA2006099E2 /* Project object */;
}
